
Microsoft Visual Studio Solution File, Format Version 12.00
# Visual Studio Version 16
VisualStudioVersion = 16.0.29728.190
MinimumVisualStudioVersion = 10.0.40219.1
Project("{FAE04EC0-301F-11D3-BF4B-00C04F79EFBC}") = "Practica 1", "..\..\..\..\OneDrive\Escritorio\CicloIII\ProgramacionII\Practica 1\Practica 1\Practica 1.csproj", "{4EBE6F98-DA4C-4D72-9A34-40B8E2EE6C3A}"
EndProject
Project("{FAE04EC0-301F-11D3-BF4B-00C04F79EFBC}") = "Practica 2", "..\..\..\..\OneDrive\Escritorio\CicloIII\ProgramacionII\Practica 2\Practica 2\Practica 2.csproj", "{4ACEA7EE-B03A-443F-9F1F-0500F619A6E4}"
EndProject
Project("{FAE04EC0-301F-11D3-BF4B-00C04F79EFBC}") = "Practica 3", "..\..\..\..\OneDrive\Escritorio\CicloIII\ProgramacionII\Practica 3\Practica 3\Practica 3.csproj", "{A65BCD98-7413-4562-AF88-FB1A7A293378}"
EndProject
Project("{FAE04EC0-301F-11D3-BF4B-00C04F79EFBC}") = "Practica 4", "..\..\..\..\OneDrive\Escritorio\CicloIII\ProgramacionII\Practica 4\Practica 4\Practica 4.csproj", "{F68D1E4C-17CE-49C9-9318-34EDD1A2221D}"
EndProject
Global
	GlobalSection(SolutionConfigurationPlatforms) = preSolution
		Debug|Any CPU = Debug|Any CPU
		Release|Any CPU = Release|Any CPU
	EndGlobalSection
	GlobalSection(ProjectConfigurationPlatforms) = postSolution
		{4EBE6F98-DA4C-4D72-9A34-40B8E2EE6C3A}.Debug|Any CPU.ActiveCfg = Debug|Any CPU
		{4EBE6F98-DA4C-4D72-9A34-40B8E2EE6C3A}.Debug|Any CPU.Build.0 = Debug|Any CPU
		{4EBE6F98-DA4C-4D72-9A34-40B8E2EE6C3A}.Release|Any CPU.ActiveCfg = Release|Any CPU
		{4EBE6F98-DA4C-4D72-9A34-40B8E2EE6C3A}.Release|Any CPU.Build.0 = Release|Any CPU
		{4ACEA7EE-B03A-443F-9F1F-0500F619A6E4}.Debug|Any CPU.ActiveCfg = Debug|Any CPU
		{4ACEA7EE-B03A-443F-9F1F-0500F619A6E4}.Debug|Any CPU.Build.0 = Debug|Any CPU
		{4ACEA7EE-B03A-443F-9F1F-0500F619A6E4}.Release|Any CPU.ActiveCfg = Release|Any CPU
		{4ACEA7EE-B03A-443F-9F1F-0500F619A6E4}.Release|Any CPU.Build.0 = Release|Any CPU
		{A65BCD98-7413-4562-AF88-FB1A7A293378}.Debug|Any CPU.ActiveCfg = Debug|Any CPU
		{A65BCD98-7413-4562-AF88-FB1A7A293378}.Debug|Any CPU.Build.0 = Debug|Any CPU
		{A65BCD98-7413-4562-AF88-FB1A7A293378}.Release|Any CPU.ActiveCfg = Release|Any CPU
		{A65BCD98-7413-4562-AF88-FB1A7A293378}.Release|Any CPU.Build.0 = Release|Any CPU
		{F68D1E4C-17CE-49C9-9318-34EDD1A2221D}.Debug|Any CPU.ActiveCfg = Debug|Any CPU
		{F68D1E4C-17CE-49C9-9318-34EDD1A2221D}.Debug|Any CPU.Build.0 = Debug|Any CPU
		{F68D1E4C-17CE-49C9-9318-34EDD1A2221D}.Release|Any CPU.ActiveCfg = Release|Any CPU
		{F68D1E4C-17CE-49C9-9318-34EDD1A2221D}.Release|Any CPU.Build.0 = Release|Any CPU
	EndGlobalSection
	GlobalSection(SolutionProperties) = preSolution
		HideSolutionNode = FALSE
	EndGlobalSection
	GlobalSection(ExtensibilityGlobals) = postSolution
		SolutionGuid = {598DDFCA-FD89-4AE3-AEEB-FBA18387E2FB}
	EndGlobalSection
EndGlobal
